
Microsoft Visual Studio Solution File, Format Version 12.00
# Visual Studio Version 16
VisualStudioVersion = 16.0.30413.136
MinimumVisualStudioVersion = 10.0.40219.1
Project("{FAE04EC0-301F-11D3-BF4B-00C04F79EFBC}") = "Niles_TechAssignment2b", "Niles_TechAssignment2b.csproj", "{E5618452-375E-4C16-994D-313258E2924C}"
EndProject
Global
	GlobalSection(SolutionConfigurationPlatforms) = preSolution
		Debug|Any CPU = Debug|Any CPU
		Release|Any CPU = Release|Any CPU
	EndGlobalSection
	GlobalSection(ProjectConfigurationPlatforms) = postSolution
		{E5618452-375E-4C16-994D-313258E2924C}.Debug|Any CPU.ActiveCfg = Debug|Any CPU
		{E5618452-375E-4C16-994D-313258E2924C}.Debug|Any CPU.Build.0 = Debug|Any CPU
		{E5618452-375E-4C16-994D-313258E2924C}.Release|Any CPU.ActiveCfg = Release|Any CPU
		{E5618452-375E-4C16-994D-313258E2924C}.Release|Any CPU.Build.0 = Release|Any CPU
	EndGlobalSection
	GlobalSection(SolutionProperties) = preSolution
		HideSolutionNode = FALSE
	EndGlobalSection
	GlobalSection(ExtensibilityGlobals) = postSolution
		SolutionGuid = {A6CDEC5E-2EF5-4114-89C1-928C4EA8A2DC}
	EndGlobalSection
EndGlobal
